# THIS IS AN AUTOGENERATED FILE. DO NOT EDIT THIS FILE DIRECTLY.
# yarn lockfile v1


peg-cmake@^0.0.8:
  version "0.0.8"
  resolved "https://registry.yarnpkg.com/peg-cmake/-/peg-cmake-0.0.8.tgz#0e2960482feb464dff2e9cab83f56194e5af81b5"
  integrity sha512-UTkgVR/430VilTea6XWFn0O+YALvWTedJazmxFme1wtBp+LbMLjHe+Sh/s21AONV78ekTBGNOvjovkTueB/06A==
